{
    "name": "daemon",
    "version": "1.0.0",
    "lockfileVersion": 1,
    "requires": true,
    "dependencies": {
        "systeminformation": {
            "version": "5.10.2",
            "resolved": "https://registry.npmjs.org/systeminformation/-/systeminformation-5.10.2.tgz",
            "integrity": "sha512-rRmapeaSL6pw3v4KdoBcKSFLvu4QbQAho6UcQG34CLI/vZ6hOepFisAXBMB1hSgFvyXcsyZ8tIkXoNsLCJDUJA=="
        }
    }
}
